
Microsoft Visual Studio Solution File, Format Version 12.00
# Visual Studio Version 17
VisualStudioVersion = 17.8.34525.116
MinimumVisualStudioVersion = 10.0.40219.1
Project("{FAE04EC0-301F-11D3-BF4B-00C04F79EFBC}") = "CRUD", "CRUD\CRUD.csproj", "{B23689D4-F1AB-4F92-8446-91727788779C}"
EndProject
Global
	GlobalSection(SolutionConfigurationPlatforms) = preSolution
		Debug|Any CPU = Debug|Any CPU
		Release|Any CPU = Release|Any CPU
	EndGlobalSection
	GlobalSection(ProjectConfigurationPlatforms) = postSolution
		{B23689D4-F1AB-4F92-8446-91727788779C}.Debug|Any CPU.ActiveCfg = Debug|Any CPU
		{B23689D4-F1AB-4F92-8446-91727788779C}.Debug|Any CPU.Build.0 = Debug|Any CPU
		{B23689D4-F1AB-4F92-8446-91727788779C}.Release|Any CPU.ActiveCfg = Release|Any CPU
		{B23689D4-F1AB-4F92-8446-91727788779C}.Release|Any CPU.Build.0 = Release|Any CPU
	EndGlobalSection
	GlobalSection(SolutionProperties) = preSolution
		HideSolutionNode = FALSE
	EndGlobalSection
	GlobalSection(ExtensibilityGlobals) = postSolution
		SolutionGuid = {47BF077D-2BDA-49E6-83D9-C59E3B8924BE}
	EndGlobalSection
EndGlobal
